// !$*UTF8*$!
{
	archiveVersion = 1;
	classes = {
	};
	objectVersion = 46;
	objects = {

/* Begin PBXBuildFile section */
		452D46FA1E3F363300B02956 /* testKeras2Tensorflow.cpp in Sources */ = {isa = PBXBuildFile; fileRef = 452D46F91E3F363300B02956 /* testKeras2Tensorflow.cpp */; };
		4588A2E71E41AD1F008529E3 /* libz.tbd in Frameworks */ = {isa = PBXBuildFile; fileRef = 4588A2E61E41AD1F008529E3 /* libz.tbd */; };
		4588A2F41E43489A008529E3 /* keras2tensorflow.cpp in Sources */ = {isa = PBXBuildFile; fileRef = 4588A2F21E43489A008529E3 /* keras2tensorflow.cpp */; };
/* End PBXBuildFile section */

/* Begin PBXCopyFilesBuildPhase section */
		452D46ED1E3F35F100B02956 /* CopyFiles */ = {
			isa = PBXCopyFilesBuildPhase;
			buildActionMask = 2147483647;
			dstPath = /usr/share/man/man1/;
			dstSubfolderSpec = 0;
			files = (
			);
			runOnlyForDeploymentPostprocessing = 1;
		};
/* End PBXCopyFilesBuildPhase section */

/* Begin PBXFileReference section */
		452D46EF1E3F35F100B02956 /* testKeras2Tensorflow */ = {isa = PBXFileReference; explicitFileType = "compiled.mach-o.executable"; includeInIndex = 0; path = testKeras2Tensorflow; sourceTree = BUILT_PRODUCTS_DIR; };
		452D46F91E3F363300B02956 /* testKeras2Tensorflow.cpp */ = {isa = PBXFileReference; fileEncoding = 4; lastKnownFileType = sourcecode.cpp.cpp; path = testKeras2Tensorflow.cpp; sourceTree = SOURCE_ROOT; };
		4588A2E61E41AD1F008529E3 /* libz.tbd */ = {isa = PBXFileReference; lastKnownFileType = "sourcecode.text-based-dylib-definition"; name = libz.tbd; path = usr/lib/libz.tbd; sourceTree = SDKROOT; };
		4588A2F21E43489A008529E3 /* keras2tensorflow.cpp */ = {isa = PBXFileReference; fileEncoding = 4; lastKnownFileType = sourcecode.cpp.cpp; name = keras2tensorflow.cpp; path = ../keras2tensorflow.cpp; sourceTree = SOURCE_ROOT; };
		4588A2F31E43489A008529E3 /* keras2tensorflow.hpp */ = {isa = PBXFileReference; fileEncoding = 4; lastKnownFileType = sourcecode.cpp.h; name = keras2tensorflow.hpp; path = ../keras2tensorflow.hpp; sourceTree = SOURCE_ROOT; };
/* End PBXFileReference section */

/* Begin PBXFrameworksBuildPhase section */
		452D46EC1E3F35F100B02956 /* Frameworks */ = {
			isa = PBXFrameworksBuildPhase;
			buildActionMask = 2147483647;
			files = (
				4588A2E71E41AD1F008529E3 /* libz.tbd in Frameworks */,
			);
			runOnlyForDeploymentPostprocessing = 0;
		};
/* End PBXFrameworksBuildPhase section */

/* Begin PBXGroup section */
		452D46E61E3F35F100B02956 = {
			isa = PBXGroup;
			children = (
				452D46F11E3F35F100B02956 /* testKeras2Tensorflow */,
				452D46F01E3F35F100B02956 /* Products */,
				4588A2E51E41AD1F008529E3 /* Frameworks */,
			);
			sourceTree = "<group>";
		};
		452D46F01E3F35F100B02956 /* Products */ = {
			isa = PBXGroup;
			children = (
				452D46EF1E3F35F100B02956 /* testKeras2Tensorflow */,
			);
			name = Products;
			sourceTree = "<group>";
		};
		452D46F11E3F35F100B02956 /* testKeras2Tensorflow */ = {
			isa = PBXGroup;
			children = (
				4588A2F11E43488E008529E3 /* keras2tensorflow */,
				452D46F91E3F363300B02956 /* testKeras2Tensorflow.cpp */,
			);
			path = testKeras2Tensorflow;
			sourceTree = "<group>";
		};
		4588A2E51E41AD1F008529E3 /* Frameworks */ = {
			isa = PBXGroup;
			children = (
				4588A2E61E41AD1F008529E3 /* libz.tbd */,
			);
			name = Frameworks;
			sourceTree = "<group>";
		};
		4588A2F11E43488E008529E3 /* keras2tensorflow */ = {
			isa = PBXGroup;
			children = (
				4588A2F21E43489A008529E3 /* keras2tensorflow.cpp */,
				4588A2F31E43489A008529E3 /* keras2tensorflow.hpp */,
			);
			name = keras2tensorflow;
			sourceTree = "<group>";
		};
/* End PBXGroup section */

/* Begin PBXNativeTarget section */
		452D46EE1E3F35F100B02956 /* testKeras2Tensorflow */ = {
			isa = PBXNativeTarget;
			buildConfigurationList = 452D46F61E3F35F100B02956 /* Build configuration list for PBXNativeTarget "testKeras2Tensorflow" */;
			buildPhases = (
				452D46EB1E3F35F100B02956 /* Sources */,
				452D46EC1E3F35F100B02956 /* Frameworks */,
				452D46ED1E3F35F100B02956 /* CopyFiles */,
			);
			buildRules = (
			);
			dependencies = (
			);
			name = testKeras2Tensorflow;
			productName = testKeras2Tensorflow;
			productReference = 452D46EF1E3F35F100B02956 /* testKeras2Tensorflow */;
			productType = "com.apple.product-type.tool";
		};
/* End PBXNativeTarget section */

/* Begin PBXProject section */
		452D46E71E3F35F100B02956 /* Project object */ = {
			isa = PBXProject;
			attributes = {
				LastUpgradeCheck = 0810;
				ORGANIZATIONNAME = LoveC;
				TargetAttributes = {
					452D46EE1E3F35F100B02956 = {
						CreatedOnToolsVersion = 8.1;
						ProvisioningStyle = Automatic;
					};
				};
			};
			buildConfigurationList = 452D46EA1E3F35F100B02956 /* Build configuration list for PBXProject "testKeras2Tensorflow" */;
			compatibilityVersion = "Xcode 3.2";
			developmentRegion = English;
			hasScannedForEncodings = 0;
			knownRegions = (
				en,
			);
			mainGroup = 452D46E61E3F35F100B02956;
			productRefGroup = 452D46F01E3F35F100B02956 /* Products */;
			projectDirPath = "";
			projectRoot = "";
			targets = (
				452D46EE1E3F35F100B02956 /* testKeras2Tensorflow */,
			);
		};
/* End PBXProject section */

/* Begin PBXSourcesBuildPhase section */
		452D46EB1E3F35F100B02956 /* Sources */ = {
			isa = PBXSourcesBuildPhase;
			buildActionMask = 2147483647;
			files = (
				4588A2F41E43489A008529E3 /* keras2tensorflow.cpp in Sources */,
				452D46FA1E3F363300B02956 /* testKeras2Tensorflow.cpp in Sources */,
			);
			runOnlyForDeploymentPostprocessing = 0;
		};
/* End PBXSourcesBuildPhase section */

/* Begin XCBuildConfiguration section */
		452D46F41E3F35F100B02956 /* Debug */ = {
			isa = XCBuildConfiguration;
			buildSettings = {
				ALWAYS_SEARCH_USER_PATHS = NO;
				CLANG_ANALYZER_NONNULL = YES;
				CLANG_CXX_LANGUAGE_STANDARD = "gnu++0x";
				CLANG_CXX_LIBRARY = "libc++";
				CLANG_ENABLE_MODULES = YES;
				CLANG_ENABLE_OBJC_ARC = YES;
				CLANG_WARN_BOOL_CONVERSION = YES;
				CLANG_WARN_CONSTANT_CONVERSION = YES;
				CLANG_WARN_DIRECT_OBJC_ISA_USAGE = YES_ERROR;
				CLANG_WARN_DOCUMENTATION_COMMENTS = YES;
				CLANG_WARN_EMPTY_BODY = YES;
				CLANG_WARN_ENUM_CONVERSION = YES;
				CLANG_WARN_INFINITE_RECURSION = YES;
				CLANG_WARN_INT_CONVERSION = YES;
				CLANG_WARN_OBJC_ROOT_CLASS = YES_ERROR;
				CLANG_WARN_SUSPICIOUS_MOVES = YES;
				CLANG_WARN_UNREACHABLE_CODE = YES;
				CLANG_WARN__DUPLICATE_METHOD_MATCH = YES;
				CODE_SIGN_IDENTITY = "-";
				COPY_PHASE_STRIP = NO;
				DEBUG_INFORMATION_FORMAT = dwarf;
				ENABLE_STRICT_OBJC_MSGSEND = YES;
				ENABLE_TESTABILITY = YES;
				GCC_C_LANGUAGE_STANDARD = gnu99;
				GCC_DYNAMIC_NO_PIC = NO;
				GCC_NO_COMMON_BLOCKS = YES;
				GCC_OPTIMIZATION_LEVEL = 0;
				GCC_PREPROCESSOR_DEFINITIONS = (
					"DEBUG=1",
					"$(inherited)",
				);
				GCC_WARN_64_TO_32_BIT_CONVERSION = YES;
				GCC_WARN_ABOUT_RETURN_TYPE = YES_ERROR;
				GCC_WARN_UNDECLARED_SELECTOR = YES;
				GCC_WARN_UNINITIALIZED_AUTOS = YES_AGGRESSIVE;
				GCC_WARN_UNUSED_FUNCTION = YES;
				GCC_WARN_UNUSED_VARIABLE = YES;
				MACOSX_DEPLOYMENT_TARGET = 10.11;
				MTL_ENABLE_DEBUG_INFO = YES;
				ONLY_ACTIVE_ARCH = YES;
				SDKROOT = macosx;
			};
			name = Debug;
		};
		452D46F51E3F35F100B02956 /* Release */ = {
			isa = XCBuildConfiguration;
			buildSettings = {
				ALWAYS_SEARCH_USER_PATHS = NO;
				CLANG_ANALYZER_NONNULL = YES;
				CLANG_CXX_LANGUAGE_STANDARD = "gnu++0x";
				CLANG_CXX_LIBRARY = "libc++";
				CLANG_ENABLE_MODULES = YES;
				CLANG_ENABLE_OBJC_ARC = YES;
				CLANG_WARN_BOOL_CONVERSION = YES;
				CLANG_WARN_CONSTANT_CONVERSION = YES;
				CLANG_WARN_DIRECT_OBJC_ISA_USAGE = YES_ERROR;
				CLANG_WARN_DOCUMENTATION_COMMENTS = YES;
				CLANG_WARN_EMPTY_BODY = YES;
				CLANG_WARN_ENUM_CONVERSION = YES;
				CLANG_WARN_INFINITE_RECURSION = YES;
				CLANG_WARN_INT_CONVERSION = YES;
				CLANG_WARN_OBJC_ROOT_CLASS = YES_ERROR;
				CLANG_WARN_SUSPICIOUS_MOVES = YES;
				CLANG_WARN_UNREACHABLE_CODE = YES;
				CLANG_WARN__DUPLICATE_METHOD_MATCH = YES;
				CODE_SIGN_IDENTITY = "-";
				COPY_PHASE_STRIP = NO;
				DEBUG_INFORMATION_FORMAT = "dwarf-with-dsym";
				ENABLE_NS_ASSERTIONS = NO;
				ENABLE_STRICT_OBJC_MSGSEND = YES;
				GCC_C_LANGUAGE_STANDARD = gnu99;
				GCC_NO_COMMON_BLOCKS = YES;
				GCC_WARN_64_TO_32_BIT_CONVERSION = YES;
				GCC_WARN_ABOUT_RETURN_TYPE = YES_ERROR;
				GCC_WARN_UNDECLARED_SELECTOR = YES;
				GCC_WARN_UNINITIALIZED_AUTOS = YES_AGGRESSIVE;
				GCC_WARN_UNUSED_FUNCTION = YES;
				GCC_WARN_UNUSED_VARIABLE = YES;
				MACOSX_DEPLOYMENT_TARGET = 10.11;
				MTL_ENABLE_DEBUG_INFO = NO;
				SDKROOT = macosx;
			};
			name = Release;
		};
		452D46F71E3F35F100B02956 /* Debug */ = {
			isa = XCBuildConfiguration;
			buildSettings = {
				HEADER_SEARCH_PATHS = (
					"../../../../compile/tensorflow-master/",
					"../../../../compile/tensorflow-master/tensorflow/contrib/makefile/downloads/protobuf/src/",
					"../../../../compile/tensorflow-master/tensorflow/contrib/makefile/downloads",
					"../../../../compile/tensorflow-master/tensorflow/contrib/makefile/gen/proto",
					"../../../../compile/tensorflow-master/tensorflow/contrib/makefile/downloads/eigen",
					/usr/local/include/,
				);
				LIBRARY_SEARCH_PATHS = (
					"../../../../compile/tensorflow-master/release/lib/",
					"../../../../compile/tensorflow-master/tensorflow/contrib/makefile/gen/protobuf-host/lib/",
					/usr/local/lib/,
				);
				OTHER_LDFLAGS = (
					"-all_load",
					"-ltensorflow-core",
					"-lprotobuf",
					"-lstdc++",
					"-lopencv_core",
					"-lopencv_imgcodecs",
					"-lopencv_imgproc",
				);
				PRODUCT_NAME = "$(TARGET_NAME)";
			};
			name = Debug;
		};
		452D46F81E3F35F100B02956 /* Release */ = {
			isa = XCBuildConfiguration;
			buildSettings = {
				HEADER_SEARCH_PATHS = (
					"../../../../compile/tensorflow-master/",
					"../../../../compile/tensorflow-master/tensorflow/contrib/makefile/downloads/protobuf/src/",
					"../../../../compile/tensorflow-master/tensorflow/contrib/makefile/downloads",
					"../../../../compile/tensorflow-master/tensorflow/contrib/makefile/gen/proto",
					"../../../../compile/tensorflow-master/tensorflow/contrib/makefile/downloads/eigen",
					/usr/local/include/,
				);
				LIBRARY_SEARCH_PATHS = (
					"../../../../compile/tensorflow-master/release/lib/",
					"../../../../compile/tensorflow-master/tensorflow/contrib/makefile/gen/protobuf-host/lib/",
					/usr/local/lib/,
				);
				OTHER_LDFLAGS = (
					"-all_load",
					"-ltensorflow-core",
					"-lprotobuf",
					"-lstdc++",
					"-lopencv_core",
					"-lopencv_imgcodecs",
					"-lopencv_imgproc",
				);
				PRODUCT_NAME = "$(TARGET_NAME)";
			};
			name = Release;
		};
/* End XCBuildConfiguration section */

/* Begin XCConfigurationList section */
		452D46EA1E3F35F100B02956 /* Build configuration list for PBXProject "testKeras2Tensorflow" */ = {
			isa = XCConfigurationList;
			buildConfigurations = (
				452D46F41E3F35F100B02956 /* Debug */,
				452D46F51E3F35F100B02956 /* Release */,
			);
			defaultConfigurationIsVisible = 0;
			defaultConfigurationName = Release;
		};
		452D46F61E3F35F100B02956 /* Build configuration list for PBXNativeTarget "testKeras2Tensorflow" */ = {
			isa = XCConfigurationList;
			buildConfigurations = (
				452D46F71E3F35F100B02956 /* Debug */,
				452D46F81E3F35F100B02956 /* Release */,
			);
			defaultConfigurationIsVisible = 0;
			defaultConfigurationName = Release;
		};
/* End XCConfigurationList section */
	};
	rootObject = 452D46E71E3F35F100B02956 /* Project object */;
}
